
Microsoft Visual Studio Solution File, Format Version 12.00
# Visual Studio 15
VisualStudioVersion = 15.0.27004.2009
MinimumVisualStudioVersion = 10.0.40219.1
Project("{FAE04EC0-301F-11D3-BF4B-00C04F79EFBC}") = "HW_3.1_Massivy_i_stroki", "HW_3.1_Massivy_i_stroki\HW_3.1_Massivy_i_stroki.csproj", "{2343C172-4C4F-40B1-9DED-4E2CCEA4789F}"
EndProject
Global
	GlobalSection(SolutionConfigurationPlatforms) = preSolution
		Debug|Any CPU = Debug|Any CPU
		Release|Any CPU = Release|Any CPU
	EndGlobalSection
	GlobalSection(ProjectConfigurationPlatforms) = postSolution
		{2343C172-4C4F-40B1-9DED-4E2CCEA4789F}.Debug|Any CPU.ActiveCfg = Debug|Any CPU
		{2343C172-4C4F-40B1-9DED-4E2CCEA4789F}.Debug|Any CPU.Build.0 = Debug|Any CPU
		{2343C172-4C4F-40B1-9DED-4E2CCEA4789F}.Release|Any CPU.ActiveCfg = Release|Any CPU
		{2343C172-4C4F-40B1-9DED-4E2CCEA4789F}.Release|Any CPU.Build.0 = Release|Any CPU
	EndGlobalSection
	GlobalSection(SolutionProperties) = preSolution
		HideSolutionNode = FALSE
	EndGlobalSection
	GlobalSection(ExtensibilityGlobals) = postSolution
		SolutionGuid = {9F3FE5C5-4975-43A4-AE97-6AE54078556B}
	EndGlobalSection
EndGlobal
